Microsoft Visual Studio Solution File, Format Version 12.00
# Visual Studio Version 17
VisualStudioVersion = 17.0.31903.59
MinimumVisualStudioVersion = 10.0.40219.1
Project("{FAE04EC0-301F-11D3-BF4B-00C04F79EFBC}") = "Auth0.MyOrganizationApi", "src\Auth0.MyOrganizationApi\Auth0.MyOrganizationApi.csproj", "{243308CB-539B-6FCD-56DE-3B9964ED6012}"
EndProject
Project("{FAE04EC0-301F-11D3-BF4B-00C04F79EFBC}") = "Auth0.MyOrganizationApi.Test", "src\Auth0.MyOrganizationApi.Test\Auth0.MyOrganizationApi.Test.csproj", "{AAC44440-BC8E-47BE-9F75-C48BCE33E395}"
EndProject
Global
	GlobalSection(SolutionConfigurationPlatforms) = preSolution
		Debug|Any CPU = Debug|Any CPU
		Release|Any CPU = Release|Any CPU
	EndGlobalSection
	GlobalSection(ProjectConfigurationPlatforms) = postSolution
		{243308CB-539B-6FCD-56DE-3B9964ED6012}.Debug|Any CPU.ActiveCfg = Debug|Any CPU
		{243308CB-539B-6FCD-56DE-3B9964ED6012}.Debug|Any CPU.Build.0 = Debug|Any CPU
		{243308CB-539B-6FCD-56DE-3B9964ED6012}.Release|Any CPU.ActiveCfg = Release|Any CPU
		{243308CB-539B-6FCD-56DE-3B9964ED6012}.Release|Any CPU.Build.0 = Release|Any CPU
		{AAC44440-BC8E-47BE-9F75-C48BCE33E395}.Debug|Any CPU.ActiveCfg = Debug|Any CPU
		{AAC44440-BC8E-47BE-9F75-C48BCE33E395}.Debug|Any CPU.Build.0 = Debug|Any CPU
		{AAC44440-BC8E-47BE-9F75-C48BCE33E395}.Release|Any CPU.ActiveCfg = Release|Any CPU
		{AAC44440-BC8E-47BE-9F75-C48BCE33E395}.Release|Any CPU.Build.0 = Release|Any CPU
	EndGlobalSection
EndGlobal
